
Microsoft Visual Studio Solution File, Format Version 12.00
# Visual Studio 15
Project("{FAE04EC0-301F-11D3-BF4B-00C04F79EFBC}") = "Assembly-CSharp", "Assembly-CSharp.csproj", "{B861A12F-1CF1-A031-5A63-FD69B38837A7}"
EndProject
Project("{FAE04EC0-301F-11D3-BF4B-00C04F79EFBC}") = "Assembly-CSharp-Editor", "Assembly-CSharp-Editor.csproj", "{B044A2DC-4552-4FB6-7567-193FB0B1BA88}"
EndProject
Global
	GlobalSection(SolutionConfigurationPlatforms) = preSolution
		Debug|Any CPU = Debug|Any CPU
		Release|Any CPU = Release|Any CPU
	EndGlobalSection
	GlobalSection(ProjectConfigurationPlatforms) = postSolution
		{B861A12F-1CF1-A031-5A63-FD69B38837A7}.Debug|Any CPU.ActiveCfg = Debug|Any CPU
		{B861A12F-1CF1-A031-5A63-FD69B38837A7}.Debug|Any CPU.Build.0 = Debug|Any CPU
		{B861A12F-1CF1-A031-5A63-FD69B38837A7}.Release|Any CPU.ActiveCfg = Release|Any CPU
		{B861A12F-1CF1-A031-5A63-FD69B38837A7}.Release|Any CPU.Build.0 = Release|Any CPU
		{B044A2DC-4552-4FB6-7567-193FB0B1BA88}.Debug|Any CPU.ActiveCfg = Debug|Any CPU
		{B044A2DC-4552-4FB6-7567-193FB0B1BA88}.Debug|Any CPU.Build.0 = Debug|Any CPU
		{B044A2DC-4552-4FB6-7567-193FB0B1BA88}.Release|Any CPU.ActiveCfg = Release|Any CPU
		{B044A2DC-4552-4FB6-7567-193FB0B1BA88}.Release|Any CPU.Build.0 = Release|Any CPU
	EndGlobalSection
	GlobalSection(SolutionProperties) = preSolution
		HideSolutionNode = FALSE
	EndGlobalSection
EndGlobal
